{
  "name": "mylabel",
  "version": "1.0.0",
  "lockfileVersion": 1,
  "requires": true,
  "dependencies": {
    "paper": {
      "version": "0.12.15",
      "resolved": "https://registry.npm.taobao.org/paper/download/paper-0.12.15.tgz",
      "integrity": "sha1-KLXlzg96mahR6YD2cV83aIHfvIQ="
    }
  }
}
